
Microsoft Visual Studio Solution File, Format Version 12.00
# Visual Studio Version 17
VisualStudioVersion = 17.2.32616.157
MinimumVisualStudioVersion = 10.0.40219.1
Project("{9A19103F-16F7-4668-BE54-9A1E7A4F7556}") = "Memento", "Memento\Memento.csproj", "{E250DEE2-0549-4FAD-A3EF-F38773E9738E}"
EndProject
Project("{9A19103F-16F7-4668-BE54-9A1E7A4F7556}") = "State", "State\State.csproj", "{9C255ECE-CE50-4D99-967A-AD54231AD849}"
EndProject
Project("{9A19103F-16F7-4668-BE54-9A1E7A4F7556}") = "Iterator", "Iterator\Iterator.csproj", "{ECD71B40-856A-40EE-87B5-D1080E41E26A}"
EndProject
Project("{9A19103F-16F7-4668-BE54-9A1E7A4F7556}") = "Strategy", "Strategy\Strategy.csproj", "{FD6C9785-22C9-4ED2-8872-02BBC0C1DA20}"
EndProject
Project("{9A19103F-16F7-4668-BE54-9A1E7A4F7556}") = "Singleton", "Singleton\Singleton.csproj", "{B4B04922-8C79-4C14-A8AE-2B358300C346}"
EndProject
Project("{FAE04EC0-301F-11D3-BF4B-00C04F79EFBC}") = "Builder", "Builder\Builder.csproj", "{B18E05F9-9666-472F-B772-646F7A2C1E96}"
EndProject
Global
	GlobalSection(SolutionConfigurationPlatforms) = preSolution
		Debug|Any CPU = Debug|Any CPU
		Release|Any CPU = Release|Any CPU
	EndGlobalSection
	GlobalSection(ProjectConfigurationPlatforms) = postSolution
		{E250DEE2-0549-4FAD-A3EF-F38773E9738E}.Debug|Any CPU.ActiveCfg = Debug|Any CPU
		{E250DEE2-0549-4FAD-A3EF-F38773E9738E}.Debug|Any CPU.Build.0 = Debug|Any CPU
		{E250DEE2-0549-4FAD-A3EF-F38773E9738E}.Release|Any CPU.ActiveCfg = Release|Any CPU
		{E250DEE2-0549-4FAD-A3EF-F38773E9738E}.Release|Any CPU.Build.0 = Release|Any CPU
		{9C255ECE-CE50-4D99-967A-AD54231AD849}.Debug|Any CPU.ActiveCfg = Debug|Any CPU
		{9C255ECE-CE50-4D99-967A-AD54231AD849}.Debug|Any CPU.Build.0 = Debug|Any CPU
		{9C255ECE-CE50-4D99-967A-AD54231AD849}.Release|Any CPU.ActiveCfg = Release|Any CPU
		{9C255ECE-CE50-4D99-967A-AD54231AD849}.Release|Any CPU.Build.0 = Release|Any CPU
		{ECD71B40-856A-40EE-87B5-D1080E41E26A}.Debug|Any CPU.ActiveCfg = Debug|Any CPU
		{ECD71B40-856A-40EE-87B5-D1080E41E26A}.Debug|Any CPU.Build.0 = Debug|Any CPU
		{ECD71B40-856A-40EE-87B5-D1080E41E26A}.Release|Any CPU.ActiveCfg = Release|Any CPU
		{ECD71B40-856A-40EE-87B5-D1080E41E26A}.Release|Any CPU.Build.0 = Release|Any CPU
		{FD6C9785-22C9-4ED2-8872-02BBC0C1DA20}.Debug|Any CPU.ActiveCfg = Debug|Any CPU
		{FD6C9785-22C9-4ED2-8872-02BBC0C1DA20}.Debug|Any CPU.Build.0 = Debug|Any CPU
		{FD6C9785-22C9-4ED2-8872-02BBC0C1DA20}.Release|Any CPU.ActiveCfg = Release|Any CPU
		{FD6C9785-22C9-4ED2-8872-02BBC0C1DA20}.Release|Any CPU.Build.0 = Release|Any CPU
		{B4B04922-8C79-4C14-A8AE-2B358300C346}.Debug|Any CPU.ActiveCfg = Debug|Any CPU
		{B4B04922-8C79-4C14-A8AE-2B358300C346}.Debug|Any CPU.Build.0 = Debug|Any CPU
		{B4B04922-8C79-4C14-A8AE-2B358300C346}.Release|Any CPU.ActiveCfg = Release|Any CPU
		{B4B04922-8C79-4C14-A8AE-2B358300C346}.Release|Any CPU.Build.0 = Release|Any CPU
		{B18E05F9-9666-472F-B772-646F7A2C1E96}.Debug|Any CPU.ActiveCfg = Debug|Any CPU
		{B18E05F9-9666-472F-B772-646F7A2C1E96}.Debug|Any CPU.Build.0 = Debug|Any CPU
		{B18E05F9-9666-472F-B772-646F7A2C1E96}.Release|Any CPU.ActiveCfg = Release|Any CPU
		{B18E05F9-9666-472F-B772-646F7A2C1E96}.Release|Any CPU.Build.0 = Release|Any CPU
	EndGlobalSection
	GlobalSection(SolutionProperties) = preSolution
		HideSolutionNode = FALSE
	EndGlobalSection
	GlobalSection(ExtensibilityGlobals) = postSolution
		SolutionGuid = {5C9C290A-C0BA-44F3-9E5A-C191D27AE868}
	EndGlobalSection
EndGlobal
